
Microsoft Visual Studio Solution File, Format Version 12.00
# Visual Studio Version 17
VisualStudioVersion = 17.14.36616.10 d17.14
MinimumVisualStudioVersion = 10.0.40219.1
Project("{FAE04EC0-301F-11D3-BF4B-00C04F79EFBC}") = "Scores", "Scores\Scores.csproj", "{E99CF201-4DB8-443C-8D6A-27D17DD46ECF}"
EndProject
Global
	GlobalSection(SolutionConfigurationPlatforms) = preSolution
		Debug|Any CPU = Debug|Any CPU
		Release|Any CPU = Release|Any CPU
	EndGlobalSection
	GlobalSection(ProjectConfigurationPlatforms) = postSolution
		{E99CF201-4DB8-443C-8D6A-27D17DD46ECF}.Debug|Any CPU.ActiveCfg = Debug|Any CPU
		{E99CF201-4DB8-443C-8D6A-27D17DD46ECF}.Debug|Any CPU.Build.0 = Debug|Any CPU
		{E99CF201-4DB8-443C-8D6A-27D17DD46ECF}.Release|Any CPU.ActiveCfg = Release|Any CPU
		{E99CF201-4DB8-443C-8D6A-27D17DD46ECF}.Release|Any CPU.Build.0 = Release|Any CPU
	EndGlobalSection
	GlobalSection(SolutionProperties) = preSolution
		HideSolutionNode = FALSE
	EndGlobalSection
	GlobalSection(ExtensibilityGlobals) = postSolution
		SolutionGuid = {E196F062-2897-435E-ACD9-12A3BCCB5D9E}
	EndGlobalSection
EndGlobal
